
Microsoft Visual Studio Solution File, Format Version 12.00
# Visual Studio 14
VisualStudioVersion = 14.0.25420.1
MinimumVisualStudioVersion = 10.0.40219.1
Project("{FAE04EC0-301F-11D3-BF4B-00C04F79EFBC}") = "LogicUniversityStore", "LogicUniversityStore\LogicUniversityStore.csproj", "{FF673167-4D18-4F0A-8FFC-40ECA8E3AD32}"
EndProject
Project("{FAE04EC0-301F-11D3-BF4B-00C04F79EFBC}") = "Core", "Core\Core.csproj", "{EE5121F7-198D-4BB2-869B-D1F29E37CDD8}"
EndProject
Project("{E24C65DC-7377-472B-9ABA-BC803B73C61A}") = "InventoryService(1)", "InventoryService\", "{1A9F18AD-3914-4121-A797-E529495E8F2B}"
	ProjectSection(WebsiteProperties) = preProject
		TargetFrameworkMoniker = ".NETFramework,Version%3Dv4.5.2"
		ProjectReferences = "{ee5121f7-198d-4bb2-869b-d1f29e37cdd8}|Core.dll;"
		Debug.AspNetCompiler.VirtualPath = "/localhost_11678"
		Debug.AspNetCompiler.PhysicalPath = "InventoryService\"
		Debug.AspNetCompiler.TargetPath = "PrecompiledWeb\localhost_11678\"
		Debug.AspNetCompiler.Updateable = "true"
		Debug.AspNetCompiler.ForceOverwrite = "true"
		Debug.AspNetCompiler.FixedNames = "false"
		Debug.AspNetCompiler.Debug = "True"
		Release.AspNetCompiler.VirtualPath = "/localhost_11678"
		Release.AspNetCompiler.PhysicalPath = "InventoryService\"
		Release.AspNetCompiler.TargetPath = "PrecompiledWeb\localhost_11678\"
		Release.AspNetCompiler.Updateable = "true"
		Release.AspNetCompiler.ForceOverwrite = "true"
		Release.AspNetCompiler.FixedNames = "false"
		Release.AspNetCompiler.Debug = "False"
		VWDPort = "11678"
		SlnRelativePath = "InventoryService\"
	EndProjectSection
EndProject
Global
	GlobalSection(SolutionConfigurationPlatforms) = preSolution
		Debug|Any CPU = Debug|Any CPU
		Release|Any CPU = Release|Any CPU
	EndGlobalSection
	GlobalSection(ProjectConfigurationPlatforms) = postSolution
		{FF673167-4D18-4F0A-8FFC-40ECA8E3AD32}.Debug|Any CPU.ActiveCfg = Debug|Any CPU
		{FF673167-4D18-4F0A-8FFC-40ECA8E3AD32}.Debug|Any CPU.Build.0 = Debug|Any CPU
		{FF673167-4D18-4F0A-8FFC-40ECA8E3AD32}.Release|Any CPU.ActiveCfg = Release|Any CPU
		{FF673167-4D18-4F0A-8FFC-40ECA8E3AD32}.Release|Any CPU.Build.0 = Release|Any CPU
		{EE5121F7-198D-4BB2-869B-D1F29E37CDD8}.Debug|Any CPU.ActiveCfg = Debug|Any CPU
		{EE5121F7-198D-4BB2-869B-D1F29E37CDD8}.Debug|Any CPU.Build.0 = Debug|Any CPU
		{EE5121F7-198D-4BB2-869B-D1F29E37CDD8}.Release|Any CPU.ActiveCfg = Release|Any CPU
		{EE5121F7-198D-4BB2-869B-D1F29E37CDD8}.Release|Any CPU.Build.0 = Release|Any CPU
		{1A9F18AD-3914-4121-A797-E529495E8F2B}.Debug|Any CPU.ActiveCfg = Debug|Any CPU
		{1A9F18AD-3914-4121-A797-E529495E8F2B}.Debug|Any CPU.Build.0 = Debug|Any CPU
		{1A9F18AD-3914-4121-A797-E529495E8F2B}.Release|Any CPU.ActiveCfg = Debug|Any CPU
		{1A9F18AD-3914-4121-A797-E529495E8F2B}.Release|Any CPU.Build.0 = Debug|Any CPU
	EndGlobalSection
	GlobalSection(SolutionProperties) = preSolution
		HideSolutionNode = FALSE
	EndGlobalSection
EndGlobal
